
Microsoft Visual Studio Solution File, Format Version 12.00
# Visual Studio Version 16
VisualStudioVersion = 16.0.28922.388
MinimumVisualStudioVersion = 10.0.40219.1
Project("{FAE04EC0-301F-11D3-BF4B-00C04F79EFBC}") = "Week 4", "Week 4\Week 4.csproj", "{3A04EBE2-13C0-4206-8B90-2D5383C9A8F4}"
EndProject
Project("{FAE04EC0-301F-11D3-BF4B-00C04F79EFBC}") = "AstronautDemo", "AstronautDemo\AstronautDemo.csproj", "{C8EDCD1F-D072-4F60-82DB-820A2C1297D5}"
EndProject
Project("{FAE04EC0-301F-11D3-BF4B-00C04F79EFBC}") = "ComplexDemo", "ComplexDemo\ComplexDemo.csproj", "{F6CC04E0-30B7-4F6C-9C31-A7F5167F3EA9}"
EndProject
Project("{FAE04EC0-301F-11D3-BF4B-00C04F79EFBC}") = "InteractiveCarDemo", "InteractiveCarDemo\InteractiveCarDemo.csproj", "{46D5F0EB-1CC0-449D-BAEE-10DF7D9B3D2C}"
EndProject
Global
	GlobalSection(SolutionConfigurationPlatforms) = preSolution
		Debug|Any CPU = Debug|Any CPU
		Release|Any CPU = Release|Any CPU
	EndGlobalSection
	GlobalSection(ProjectConfigurationPlatforms) = postSolution
		{3A04EBE2-13C0-4206-8B90-2D5383C9A8F4}.Debug|Any CPU.ActiveCfg = Debug|Any CPU
		{3A04EBE2-13C0-4206-8B90-2D5383C9A8F4}.Debug|Any CPU.Build.0 = Debug|Any CPU
		{3A04EBE2-13C0-4206-8B90-2D5383C9A8F4}.Release|Any CPU.ActiveCfg = Release|Any CPU
		{3A04EBE2-13C0-4206-8B90-2D5383C9A8F4}.Release|Any CPU.Build.0 = Release|Any CPU
		{C8EDCD1F-D072-4F60-82DB-820A2C1297D5}.Debug|Any CPU.ActiveCfg = Debug|Any CPU
		{C8EDCD1F-D072-4F60-82DB-820A2C1297D5}.Debug|Any CPU.Build.0 = Debug|Any CPU
		{C8EDCD1F-D072-4F60-82DB-820A2C1297D5}.Release|Any CPU.ActiveCfg = Release|Any CPU
		{C8EDCD1F-D072-4F60-82DB-820A2C1297D5}.Release|Any CPU.Build.0 = Release|Any CPU
		{F6CC04E0-30B7-4F6C-9C31-A7F5167F3EA9}.Debug|Any CPU.ActiveCfg = Debug|Any CPU
		{F6CC04E0-30B7-4F6C-9C31-A7F5167F3EA9}.Debug|Any CPU.Build.0 = Debug|Any CPU
		{F6CC04E0-30B7-4F6C-9C31-A7F5167F3EA9}.Release|Any CPU.ActiveCfg = Release|Any CPU
		{F6CC04E0-30B7-4F6C-9C31-A7F5167F3EA9}.Release|Any CPU.Build.0 = Release|Any CPU
		{46D5F0EB-1CC0-449D-BAEE-10DF7D9B3D2C}.Debug|Any CPU.ActiveCfg = Debug|Any CPU
		{46D5F0EB-1CC0-449D-BAEE-10DF7D9B3D2C}.Debug|Any CPU.Build.0 = Debug|Any CPU
		{46D5F0EB-1CC0-449D-BAEE-10DF7D9B3D2C}.Release|Any CPU.ActiveCfg = Release|Any CPU
		{46D5F0EB-1CC0-449D-BAEE-10DF7D9B3D2C}.Release|Any CPU.Build.0 = Release|Any CPU
	EndGlobalSection
	GlobalSection(SolutionProperties) = preSolution
		HideSolutionNode = FALSE
	EndGlobalSection
	GlobalSection(ExtensibilityGlobals) = postSolution
		SolutionGuid = {6997948B-6F4B-46B2-92D8-F88A03522F1E}
	EndGlobalSection
EndGlobal
