
Microsoft Visual Studio Solution File, Format Version 12.00
# Visual Studio 15
VisualStudioVersion = 15.0.28307.271
MinimumVisualStudioVersion = 10.0.40219.1
Project("{FAE04EC0-301F-11D3-BF4B-00C04F79EFBC}") = "COMP123_Assignment03", "COMP123_Assignment03\COMP123_Assignment03.csproj", "{51E43426-9783-438E-B8C4-D71E22DAA877}"
EndProject
Global
	GlobalSection(SolutionConfigurationPlatforms) = preSolution
		Debug|Any CPU = Debug|Any CPU
		Release|Any CPU = Release|Any CPU
	EndGlobalSection
	GlobalSection(ProjectConfigurationPlatforms) = postSolution
		{51E43426-9783-438E-B8C4-D71E22DAA877}.Debug|Any CPU.ActiveCfg = Debug|Any CPU
		{51E43426-9783-438E-B8C4-D71E22DAA877}.Debug|Any CPU.Build.0 = Debug|Any CPU
		{51E43426-9783-438E-B8C4-D71E22DAA877}.Release|Any CPU.ActiveCfg = Release|Any CPU
		{51E43426-9783-438E-B8C4-D71E22DAA877}.Release|Any CPU.Build.0 = Release|Any CPU
	EndGlobalSection
	GlobalSection(SolutionProperties) = preSolution
		HideSolutionNode = FALSE
	EndGlobalSection
	GlobalSection(ExtensibilityGlobals) = postSolution
		SolutionGuid = {58FA6177-AE99-4B34-9AC4-BDB9E13D4324}
	EndGlobalSection
EndGlobal
